// !$*UTF8*$!
{
	archiveVersion = 1;
	classes = {
	};
	objectVersion = 50;
	objects = {

/* Begin PBXBuildFile section */
		864F408C268D52650084CABB /* GoogLeNetPlaces.mlmodel in Sources */ = {isa = PBXBuildFile; fileRef = 864F408A268D52650084CABB /* GoogLeNetPlaces.mlmodel */; };
		864F408D268D52650084CABB /* Extensions.swift in Sources */ = {isa = PBXBuildFile; fileRef = 864F408B268D52650084CABB /* Extensions.swift */; };
		86F64A852654BE17007EBD77 /* AppDelegate.swift in Sources */ = {isa = PBXBuildFile; fileRef = 86F64A842654BE17007EBD77 /* AppDelegate.swift */; };
		86F64A872654BE17007EBD77 /* SceneDelegate.swift in Sources */ = {isa = PBXBuildFile; fileRef = 86F64A862654BE17007EBD77 /* SceneDelegate.swift */; };
		86F64A892654BE17007EBD77 /* ViewController.swift in Sources */ = {isa = PBXBuildFile; fileRef = 86F64A882654BE17007EBD77 /* ViewController.swift */; };
		86F64A8C2654BE17007EBD77 /* Main.storyboard in Resources */ = {isa = PBXBuildFile; fileRef = 86F64A8A2654BE17007EBD77 /* Main.storyboard */; };
		86F64A8E2654BE18007EBD77 /* Assets.xcassets in Resources */ = {isa = PBXBuildFile; fileRef = 86F64A8D2654BE18007EBD77 /* Assets.xcassets */; };
		86F64A912654BE18007EBD77 /* LaunchScreen.storyboard in Resources */ = {isa = PBXBuildFile; fileRef = 86F64A8F2654BE18007EBD77 /* LaunchScreen.storyboard */; };
/* End PBXBuildFile section */

/* Begin PBXFileReference section */
		864F408A268D52650084CABB /* GoogLeNetPlaces.mlmodel */ = {isa = PBXFileReference; lastKnownFileType = file.mlmodel; path = GoogLeNetPlaces.mlmodel; sourceTree = "<group>"; };
		864F408B268D52650084CABB /* Extensions.swift */ = {isa = PBXFileReference; fileEncoding = 4; lastKnownFileType = sourcecode.swift; path = Extensions.swift; sourceTree = "<group>"; };
		86F64A812654BE17007EBD77 /* PlaceNet.app */ = {isa = PBXFileReference; explicitFileType = wrapper.application; includeInIndex = 0; path = PlaceNet.app; sourceTree = BUILT_PRODUCTS_DIR; };
		86F64A842654BE17007EBD77 /* AppDelegate.swift */ = {isa = PBXFileReference; lastKnownFileType = sourcecode.swift; path = AppDelegate.swift; sourceTree = "<group>"; };
		86F64A862654BE17007EBD77 /* SceneDelegate.swift */ = {isa = PBXFileReference; lastKnownFileType = sourcecode.swift; path = SceneDelegate.swift; sourceTree = "<group>"; };
		86F64A882654BE17007EBD77 /* ViewController.swift */ = {isa = PBXFileReference; lastKnownFileType = sourcecode.swift; path = ViewController.swift; sourceTree = "<group>"; };
		86F64A8B2654BE17007EBD77 /* Base */ = {isa = PBXFileReference; lastKnownFileType = file.storyboard; name = Base; path = Base.lproj/Main.storyboard; sourceTree = "<group>"; };
		86F64A8D2654BE18007EBD77 /* Assets.xcassets */ = {isa = PBXFileReference; lastKnownFileType = folder.assetcatalog; path = Assets.xcassets; sourceTree = "<group>"; };
		86F64A902654BE18007EBD77 /* Base */ = {isa = PBXFileReference; lastKnownFileType = file.storyboard; name = Base; path = Base.lproj/LaunchScreen.storyboard; sourceTree = "<group>"; };
		86F64A922654BE19007EBD77 /* Info.plist */ = {isa = PBXFileReference; lastKnownFileType = text.plist.xml; path = Info.plist; sourceTree = "<group>"; };
/* End PBXFileReference section */

/* Begin PBXFrameworksBuildPhase section */
		86F64A7E2654BE17007EBD77 /* Frameworks */ = {
			isa = PBXFrameworksBuildPhase;
			buildActionMask = 2147483647;
			files = (
			);
			runOnlyForDeploymentPostprocessing = 0;
		};
/* End PBXFrameworksBuildPhase section */

/* Begin PBXGroup section */
		86F64A782654BE17007EBD77 = {
			isa = PBXGroup;
			children = (
				86F64A832654BE17007EBD77 /* poseNET */,
				86F64A822654BE17007EBD77 /* Products */,
			);
			sourceTree = "<group>";
		};
		86F64A822654BE17007EBD77 /* Products */ = {
			isa = PBXGroup;
			children = (
				86F64A812654BE17007EBD77 /* PlaceNet.app */,
			);
			name = Products;
			sourceTree = "<group>";
		};
		86F64A832654BE17007EBD77 /* poseNET */ = {
			isa = PBXGroup;
			children = (
				864F408B268D52650084CABB /* Extensions.swift */,
				864F408A268D52650084CABB /* GoogLeNetPlaces.mlmodel */,
				86F64A842654BE17007EBD77 /* AppDelegate.swift */,
				86F64A862654BE17007EBD77 /* SceneDelegate.swift */,
				86F64A882654BE17007EBD77 /* ViewController.swift */,
				86F64A8A2654BE17007EBD77 /* Main.storyboard */,
				86F64A8D2654BE18007EBD77 /* Assets.xcassets */,
				86F64A8F2654BE18007EBD77 /* LaunchScreen.storyboard */,
				86F64A922654BE19007EBD77 /* Info.plist */,
			);
			path = poseNET;
			sourceTree = "<group>";
		};
/* End PBXGroup section */

/* Begin PBXNativeTarget section */
		86F64A802654BE17007EBD77 /* PlaceNet */ = {
			isa = PBXNativeTarget;
			buildConfigurationList = 86F64A952654BE19007EBD77 /* Build configuration list for PBXNativeTarget "PlaceNet" */;
			buildPhases = (
				86F64A7D2654BE17007EBD77 /* Sources */,
				86F64A7E2654BE17007EBD77 /* Frameworks */,
				86F64A7F2654BE17007EBD77 /* Resources */,
			);
			buildRules = (
			);
			dependencies = (
			);
			name = PlaceNet;
			productName = poseNET;
			productReference = 86F64A812654BE17007EBD77 /* PlaceNet.app */;
			productType = "com.apple.product-type.application";
		};
/* End PBXNativeTarget section */

/* Begin PBXProject section */
		86F64A792654BE17007EBD77 /* Project object */ = {
			isa = PBXProject;
			attributes = {
				LastSwiftUpdateCheck = 1250;
				LastUpgradeCheck = 1250;
				TargetAttributes = {
					86F64A802654BE17007EBD77 = {
						CreatedOnToolsVersion = 12.5;
					};
				};
			};
			buildConfigurationList = 86F64A7C2654BE17007EBD77 /* Build configuration list for PBXProject "PlaceNet" */;
			compatibilityVersion = "Xcode 9.3";
			developmentRegion = en;
			hasScannedForEncodings = 0;
			knownRegions = (
				en,
				Base,
			);
			mainGroup = 86F64A782654BE17007EBD77;
			productRefGroup = 86F64A822654BE17007EBD77 /* Products */;
			projectDirPath = "";
			projectRoot = "";
			targets = (
				86F64A802654BE17007EBD77 /* PlaceNet */,
			);
		};
/* End PBXProject section */

/* Begin PBXResourcesBuildPhase section */
		86F64A7F2654BE17007EBD77 /* Resources */ = {
			isa = PBXResourcesBuildPhase;
			buildActionMask = 2147483647;
			files = (
				86F64A912654BE18007EBD77 /* LaunchScreen.storyboard in Resources */,
				86F64A8E2654BE18007EBD77 /* Assets.xcassets in Resources */,
				86F64A8C2654BE17007EBD77 /* Main.storyboard in Resources */,
			);
			runOnlyForDeploymentPostprocessing = 0;
		};
/* End PBXResourcesBuildPhase section */

/* Begin PBXSourcesBuildPhase section */
		86F64A7D2654BE17007EBD77 /* Sources */ = {
			isa = PBXSourcesBuildPhase;
			buildActionMask = 2147483647;
			files = (
				864F408D268D52650084CABB /* Extensions.swift in Sources */,
				86F64A892654BE17007EBD77 /* ViewController.swift in Sources */,
				86F64A852654BE17007EBD77 /* AppDelegate.swift in Sources */,
				86F64A872654BE17007EBD77 /* SceneDelegate.swift in Sources */,
				864F408C268D52650084CABB /* GoogLeNetPlaces.mlmodel in Sources */,
			);
			runOnlyForDeploymentPostprocessing = 0;
		};
/* End PBXSourcesBuildPhase section */

/* Begin PBXVariantGroup section */
		86F64A8A2654BE17007EBD77 /* Main.storyboard */ = {
			isa = PBXVariantGroup;
			children = (
				86F64A8B2654BE17007EBD77 /* Base */,
			);
			name = Main.storyboard;
			sourceTree = "<group>";
		};
		86F64A8F2654BE18007EBD77 /* LaunchScreen.storyboard */ = {
			isa = PBXVariantGroup;
			children = (
				86F64A902654BE18007EBD77 /* Base */,
			);
			name = LaunchScreen.storyboard;
			sourceTree = "<group>";
		};
/* End PBXVariantGroup section */

/* Begin XCBuildConfiguration section */
		86F64A932654BE19007EBD77 /* Debug */ = {
			isa = XCBuildConfiguration;
			buildSettings = {
				ALWAYS_SEARCH_USER_PATHS = NO;
				CLANG_ANALYZER_NONNULL = YES;
				CLANG_ANALYZER_NUMBER_OBJECT_CONVERSION = YES_AGGRESSIVE;
				CLANG_CXX_LANGUAGE_STANDARD = "gnu++14";
				CLANG_CXX_LIBRARY = "libc++";
				CLANG_ENABLE_MODULES = YES;
				CLANG_ENABLE_OBJC_ARC = YES;
				CLANG_ENABLE_OBJC_WEAK = YES;
				CLANG_WARN_BLOCK_CAPTURE_AUTORELEASING = YES;
				CLANG_WARN_BOOL_CONVERSION = YES;
				CLANG_WARN_COMMA = YES;
				CLANG_WARN_CONSTANT_CONVERSION = YES;
				CLANG_WARN_DEPRECATED_OBJC_IMPLEMENTATIONS = YES;
				CLANG_WARN_DIRECT_OBJC_ISA_USAGE = YES_ERROR;
				CLANG_WARN_DOCUMENTATION_COMMENTS = YES;
				CLANG_WARN_EMPTY_BODY = YES;
				CLANG_WARN_ENUM_CONVERSION = YES;
				CLANG_WARN_INFINITE_RECURSION = YES;
				CLANG_WARN_INT_CONVERSION = YES;
				CLANG_WARN_NON_LITERAL_NULL_CONVERSION = YES;
				CLANG_WARN_OBJC_IMPLICIT_RETAIN_SELF = YES;
				CLANG_WARN_OBJC_LITERAL_CONVERSION = YES;
				CLANG_WARN_OBJC_ROOT_CLASS = YES_ERROR;
				CLANG_WARN_QUOTED_INCLUDE_IN_FRAMEWORK_HEADER = YES;
				CLANG_WARN_RANGE_LOOP_ANALYSIS = YES;
				CLANG_WARN_STRICT_PROTOTYPES = YES;
				CLANG_WARN_SUSPICIOUS_MOVE = YES;
				CLANG_WARN_UNGUARDED_AVAILABILITY = YES_AGGRESSIVE;
				CLANG_WARN_UNREACHABLE_CODE = YES;
				CLANG_WARN__DUPLICATE_METHOD_MATCH = YES;
				COPY_PHASE_STRIP = NO;
				DEBUG_INFORMATION_FORMAT = dwarf;
				ENABLE_STRICT_OBJC_MSGSEND = YES;
				ENABLE_TESTABILITY = YES;
				GCC_C_LANGUAGE_STANDARD = gnu11;
				GCC_DYNAMIC_NO_PIC = NO;
				GCC_NO_COMMON_BLOCKS = YES;
				GCC_OPTIMIZATION_LEVEL = 0;
				GCC_PREPROCESSOR_DEFINITIONS = (
					"DEBUG=1",
					"$(inherited)",
				);
				GCC_WARN_64_TO_32_BIT_CONVERSION = YES;
				GCC_WARN_ABOUT_RETURN_TYPE = YES_ERROR;
				GCC_WARN_UNDECLARED_SELECTOR = YES;
				GCC_WARN_UNINITIALIZED_AUTOS = YES_AGGRESSIVE;
				GCC_WARN_UNUSED_FUNCTION = YES;
				GCC_WARN_UNUSED_VARIABLE = YES;
				IPHONEOS_DEPLOYMENT_TARGET = 14.5;
				MTL_ENABLE_DEBUG_INFO = INCLUDE_SOURCE;
				MTL_FAST_MATH = YES;
				ONLY_ACTIVE_ARCH = YES;
				SDKROOT = iphoneos;
				SWIFT_ACTIVE_COMPILATION_CONDITIONS = DEBUG;
				SWIFT_OPTIMIZATION_LEVEL = "-Onone";
			};
			name = Debug;
		};
		86F64A942654BE19007EBD77 /* Release */ = {
			isa = XCBuildConfiguration;
			buildSettings = {
				ALWAYS_SEARCH_USER_PATHS = NO;
				CLANG_ANALYZER_NONNULL = YES;
				CLANG_ANALYZER_NUMBER_OBJECT_CONVERSION = YES_AGGRESSIVE;
				CLANG_CXX_LANGUAGE_STANDARD = "gnu++14";
				CLANG_CXX_LIBRARY = "libc++";
				CLANG_ENABLE_MODULES = YES;
				CLANG_ENABLE_OBJC_ARC = YES;
				CLANG_ENABLE_OBJC_WEAK = YES;
				CLANG_WARN_BLOCK_CAPTURE_AUTORELEASING = YES;
				CLANG_WARN_BOOL_CONVERSION = YES;
				CLANG_WARN_COMMA = YES;
				CLANG_WARN_CONSTANT_CONVERSION = YES;
				CLANG_WARN_DEPRECATED_OBJC_IMPLEMENTATIONS = YES;
				CLANG_WARN_DIRECT_OBJC_ISA_USAGE = YES_ERROR;
				CLANG_WARN_DOCUMENTATION_COMMENTS = YES;
				CLANG_WARN_EMPTY_BODY = YES;
				CLANG_WARN_ENUM_CONVERSION = YES;
				CLANG_WARN_INFINITE_RECURSION = YES;
				CLANG_WARN_INT_CONVERSION = YES;
				CLANG_WARN_NON_LITERAL_NULL_CONVERSION = YES;
				CLANG_WARN_OBJC_IMPLICIT_RETAIN_SELF = YES;
				CLANG_WARN_OBJC_LITERAL_CONVERSION = YES;
				CLANG_WARN_OBJC_ROOT_CLASS = YES_ERROR;
				CLANG_WARN_QUOTED_INCLUDE_IN_FRAMEWORK_HEADER = YES;
				CLANG_WARN_RANGE_LOOP_ANALYSIS = YES;
				CLANG_WARN_STRICT_PROTOTYPES = YES;
				CLANG_WARN_SUSPICIOUS_MOVE = YES;
				CLANG_WARN_UNGUARDED_AVAILABILITY = YES_AGGRESSIVE;
				CLANG_WARN_UNREACHABLE_CODE = YES;
				CLANG_WARN__DUPLICATE_METHOD_MATCH = YES;
				COPY_PHASE_STRIP = NO;
				DEBUG_INFORMATION_FORMAT = "dwarf-with-dsym";
				ENABLE_NS_ASSERTIONS = NO;
				ENABLE_STRICT_OBJC_MSGSEND = YES;
				GCC_C_LANGUAGE_STANDARD = gnu11;
				GCC_NO_COMMON_BLOCKS = YES;
				GCC_WARN_64_TO_32_BIT_CONVERSION = YES;
				GCC_WARN_ABOUT_RETURN_TYPE = YES_ERROR;
				GCC_WARN_UNDECLARED_SELECTOR = YES;
				GCC_WARN_UNINITIALIZED_AUTOS = YES_AGGRESSIVE;
				GCC_WARN_UNUSED_FUNCTION = YES;
				GCC_WARN_UNUSED_VARIABLE = YES;
				IPHONEOS_DEPLOYMENT_TARGET = 14.5;
				MTL_ENABLE_DEBUG_INFO = NO;
				MTL_FAST_MATH = YES;
				SDKROOT = iphoneos;
				SWIFT_COMPILATION_MODE = wholemodule;
				SWIFT_OPTIMIZATION_LEVEL = "-O";
				VALIDATE_PRODUCT = YES;
			};
			name = Release;
		};
		86F64A962654BE19007EBD77 /* Debug */ = {
			isa = XCBuildConfiguration;
			buildSettings = {
				ASSETCATALOG_COMPILER_APPICON_NAME = AppIcon;
				ASSETCATALOG_COMPILER_GLOBAL_ACCENT_COLOR_NAME = AccentColor;
				CODE_SIGN_STYLE = Automatic;
				DEVELOPMENT_TEAM = 9SYPZ9UN9N;
				INFOPLIST_FILE = poseNET/Info.plist;
				LD_RUNPATH_SEARCH_PATHS = (
					"$(inherited)",
					"@executable_path/Frameworks",
				);
				PRODUCT_BUNDLE_IDENTIFIER = o.poseNET;
				PRODUCT_NAME = "$(TARGET_NAME)";
				SWIFT_VERSION = 5.0;
				TARGETED_DEVICE_FAMILY = "1,2";
			};
			name = Debug;
		};
		86F64A972654BE19007EBD77 /* Release */ = {
			isa = XCBuildConfiguration;
			buildSettings = {
				ASSETCATALOG_COMPILER_APPICON_NAME = AppIcon;
				ASSETCATALOG_COMPILER_GLOBAL_ACCENT_COLOR_NAME = AccentColor;
				CODE_SIGN_STYLE = Automatic;
				DEVELOPMENT_TEAM = 9SYPZ9UN9N;
				INFOPLIST_FILE = poseNET/Info.plist;
				LD_RUNPATH_SEARCH_PATHS = (
					"$(inherited)",
					"@executable_path/Frameworks",
				);
				PRODUCT_BUNDLE_IDENTIFIER = o.poseNET;
				PRODUCT_NAME = "$(TARGET_NAME)";
				SWIFT_VERSION = 5.0;
				TARGETED_DEVICE_FAMILY = "1,2";
			};
			name = Release;
		};
/* End XCBuildConfiguration section */

/* Begin XCConfigurationList section */
		86F64A7C2654BE17007EBD77 /* Build configuration list for PBXProject "PlaceNet" */ = {
			isa = XCConfigurationList;
			buildConfigurations = (
				86F64A932654BE19007EBD77 /* Debug */,
				86F64A942654BE19007EBD77 /* Release */,
			);
			defaultConfigurationIsVisible = 0;
			defaultConfigurationName = Release;
		};
		86F64A952654BE19007EBD77 /* Build configuration list for PBXNativeTarget "PlaceNet" */ = {
			isa = XCConfigurationList;
			buildConfigurations = (
				86F64A962654BE19007EBD77 /* Debug */,
				86F64A972654BE19007EBD77 /* Release */,
			);
			defaultConfigurationIsVisible = 0;
			defaultConfigurationName = Release;
		};
/* End XCConfigurationList section */
	};
	rootObject = 86F64A792654BE17007EBD77 /* Project object */;
}
